{
    "_meta": {
        "hash": {
            "sha256": "e27b3e2c0b121ea73e4196a5667cc937bc2a534312e464b8640a395a81602c55"
        },
        "host-environment-markers": {
            "implementation_name": "cpython",
            "implementation_version": "3.6.0",
            "os_name": "posix",
            "platform_machine": "x86_64",
            "platform_python_implementation": "CPython",
            "platform_release": "17.2.0",
            "platform_system": "Darwin",
            "platform_version": "Darwin Kernel Version 17.2.0: Fri Sep 29 18:27:05 PDT 2017; root:xnu-4570.20.62~3/RELEASE_X86_64",
            "python_full_version": "3.6.0",
            "python_version": "3.6",
            "sys_platform": "darwin"
        },
        "pipfile-spec": 6,
        "requires": {},
        "sources": [
            {
                "name": "pypi",
                "url": "https://pypi.python.org/simple",
                "verify_ssl": true
            }
        ]
    },
    "default": {
        "pynput": {
            "hashes": [
                "sha256:456afa6f7793fbdcfb22c3026ecbb57c2f9c9addc95d5e2c0f659b0d1a84a2f4",
                "sha256:ecf4eab29fe3bb3f1990b82b63e75f825686f7d2eddb49a84d01f3242ed030ee"
            ],
            "version": "==1.3.7"
        },
        "pyobjc-core": {
            "hashes": [
                "sha256:43b96d680db3c1136f6cc10384659fc81f5906e31776b2e988839a4a13d76bd3",
                "sha256:20050c2661b0297a615a63264a3e78944026218e2d5bbf913c3d9f1723c3ed8e",
                "sha256:edddacdb081525f7a75b034e9e7dfec34e8119e2c5380a1f8d35466b4b041a41",
                "sha256:980da7c3d71fdd6fca6843699839bfba0bb825b3c430945020f892f453b79847",
                "sha256:c8356ab574dc3339a44732f67dac50c16d57b1f5563cbc925d2f72f5df80d1d0"
            ],
            "version": "==4.0.1"
        },
        "pyobjc-framework-cocoa": {
            "hashes": [
                "sha256:f84b5cb50699975982257fe7b2625c911e10c8a379b32d7ce8e959b09b720b4f",
                "sha256:48c6653884d59aa4e4e2ed4170ce1ae19d480ee208e227250c1bd51cb64b2b10",
                "sha256:4f45f1d4b06547532613700fa35bdae3636d4fdc83b009da2782d1f8929e5e69",
                "sha256:3fe6fbd83231ff10e86f59ff51d4ea1eaa2810079daa3d8a6a750edb555a4245",
                "sha256:d1f9c74414a183d81d4b738a2e4f6c848e142547004f2af89c86acf76cc76e61"
            ],
            "version": "==4.0.1"
        },
        "pyobjc-framework-quartz": {
            "hashes": [
                "sha256:d3e848f9424cd096376d9d3d7aa40be192bab9f0fca2bc77447674fe165d66d0",
                "sha256:69eb834cb8874dcd323d4c8c9c06c184d8ef41458b1ce431e2af1e06d99fd08a",
                "sha256:8d07bf05dd0943ed9b9535136c1b7cc3dbf00c5ffaeb7cf1a95c85fc150175bc",
                "sha256:8fbef93b241d72c8843f9917ae7112688093fa9e1828f1a79d78010b56b04054",
                "sha256:bcf7d9bcfc70d3b56f4670fe3dccf7d03fcf92e73bd18611246184246fe6540c"
            ],
            "markers": "sys_platform == 'darwin'",
            "version": "==4.0.1"
        },
        "six": {
            "hashes": [
                "sha256:832dc0e10feb1aa2c68dcc57dbb658f1c7e65b9b61af69048abc87a2db00a0eb",
                "sha256:70e8a77beed4562e7f14fe23a786b54f6296e34344c23bc42f07b15018ff98e9"
            ],
            "version": "==1.11.0"
        }
    },
    "develop": {}
}
