{
    "_meta": {
        "hash": {
            "sha256": "3fac0b64df22d047d7bc921ea8a8d255c15de0b8f305124f46b14f220e6fc905"
        },
        "host-environment-markers": {
            "implementation_name": "cpython",
            "implementation_version": "3.6.0",
            "os_name": "posix",
            "platform_machine": "x86_64",
            "platform_python_implementation": "CPython",
            "platform_release": "17.3.0",
            "platform_system": "Darwin",
            "platform_version": "Darwin Kernel Version 17.3.0: Thu Nov  9 18:09:22 PST 2017; root:xnu-4570.31.3~1/RELEASE_X86_64",
            "python_full_version": "3.6.0",
            "python_version": "3.6",
            "sys_platform": "darwin"
        },
        "pipfile-spec": 6,
        "requires": {},
        "sources": [
            {
                "name": "pypi",
                "url": "https://pypi.python.org/simple",
                "verify_ssl": true
            }
        ]
    },
    "default": {
        "e1839a8": {
            "editable": true,
            "path": "."
        },
        "pynput": {
            "hashes": [
                "sha256:456afa6f7793fbdcfb22c3026ecbb57c2f9c9addc95d5e2c0f659b0d1a84a2f4",
                "sha256:ecf4eab29fe3bb3f1990b82b63e75f825686f7d2eddb49a84d01f3242ed030ee"
            ],
            "version": "==1.3.7"
        },
        "pyobjc-core": {
            "hashes": [
                "sha256:c6e1e489ee3667babaf7e93ffc8cb74436d811de9831182a7fdee06152f69e9d",
                "sha256:3c3e61184f2f686dde889f76a855d93fed7c79f24ba0f2bac18edcf827b5017e",
                "sha256:10cbe720443f31317239e331df3a6bd82b660859915951bf114ab0bbf63d4606",
                "sha256:df30c8d019fcadc3b6296e0c2ba741d1941996b33e9a92f32fdcc0b2cdfa5280",
                "sha256:e42d3558b65485f896e272e48e108d4df8ccd7f130f552dddb4a47732dd0ee65"
            ],
            "version": "==4.1"
        },
        "pyobjc-framework-cocoa": {
            "hashes": [
                "sha256:e0a178bb6b93af66704240df7bae2443a9d7cd86e8fe9cbca0e81e2b66faec73",
                "sha256:9174e4770fab2b31f85983124e4d940b338153cfedffa5de1537e7053caa7ab6",
                "sha256:4dcfa594789a2b85ec6079b8248d1d21f10928ef1b7d86b996688a4581835f62",
                "sha256:8700ca785fa9fef5e415ee4718e5db82863d81fe1f1aacfe526d78f3b369c259",
                "sha256:9a221f0549067b402b85a9c3425cd962870f94b404e2e3a543fc0029d124fddf"
            ],
            "version": "==4.1"
        },
        "pyobjc-framework-quartz": {
            "hashes": [
                "sha256:42e0cd8a29853d4939d0888a2f20ad439501ea80597c3d6c0b31185c3968f943",
                "sha256:879bee6bb381568610e649029158c4a94ac062159681a176d512bf947e0130bd",
                "sha256:04342dccbe343a1239357812a0453edf15b6e2dce71a40662e63a0f217d33899",
                "sha256:07b0b90cf4ff5d61b98b90134ac03fb44a690b9974b98dde41f45c56b8b5ca29",
                "sha256:a0e1e3a3ff2422372c961c1d9384c4734dec715da32b1d9be76a5c237cde1709"
            ],
            "version": "==4.1"
        },
        "six": {
            "hashes": [
                "sha256:832dc0e10feb1aa2c68dcc57dbb658f1c7e65b9b61af69048abc87a2db00a0eb",
                "sha256:70e8a77beed4562e7f14fe23a786b54f6296e34344c23bc42f07b15018ff98e9"
            ],
            "version": "==1.11.0"
        }
    },
    "develop": {}
}
